
Microsoft Visual Studio Solution File, Format Version 12.00
# Visual Studio Version 17
VisualStudioVersion = 17.12.35521.163 d17.12
MinimumVisualStudioVersion = 10.0.40219.1
Project("{FAE04EC0-301F-11D3-BF4B-00C04F79EFBC}") = "TaskBackend", "TaskBackend\TaskBackend.csproj", "{E118D0B8-2FA6-426A-92D0-964AB312ACE3}"
EndProject
Project("{FAE04EC0-301F-11D3-BF4B-00C04F79EFBC}") = "Task.Core", "Task.Core\Task.Core.csproj", "{8E463259-55CE-46DD-9D88-37928B92C56F}"
EndProject
Project("{FAE04EC0-301F-11D3-BF4B-00C04F79EFBC}") = "Task.BLL", "Task.BLL\Task.BLL.csproj", "{A75C929C-EA9A-4658-89A4-F791316497BA}"
EndProject
Global
	GlobalSection(SolutionConfigurationPlatforms) = preSolution
		Debug|Any CPU = Debug|Any CPU
		Release|Any CPU = Release|Any CPU
	EndGlobalSection
	GlobalSection(ProjectConfigurationPlatforms) = postSolution
		{E118D0B8-2FA6-426A-92D0-964AB312ACE3}.Debug|Any CPU.ActiveCfg = Debug|Any CPU
		{E118D0B8-2FA6-426A-92D0-964AB312ACE3}.Debug|Any CPU.Build.0 = Debug|Any CPU
		{E118D0B8-2FA6-426A-92D0-964AB312ACE3}.Release|Any CPU.ActiveCfg = Release|Any CPU
		{E118D0B8-2FA6-426A-92D0-964AB312ACE3}.Release|Any CPU.Build.0 = Release|Any CPU
		{8E463259-55CE-46DD-9D88-37928B92C56F}.Debug|Any CPU.ActiveCfg = Debug|Any CPU
		{8E463259-55CE-46DD-9D88-37928B92C56F}.Debug|Any CPU.Build.0 = Debug|Any CPU
		{8E463259-55CE-46DD-9D88-37928B92C56F}.Release|Any CPU.ActiveCfg = Release|Any CPU
		{8E463259-55CE-46DD-9D88-37928B92C56F}.Release|Any CPU.Build.0 = Release|Any CPU
		{A75C929C-EA9A-4658-89A4-F791316497BA}.Debug|Any CPU.ActiveCfg = Debug|Any CPU
		{A75C929C-EA9A-4658-89A4-F791316497BA}.Debug|Any CPU.Build.0 = Debug|Any CPU
		{A75C929C-EA9A-4658-89A4-F791316497BA}.Release|Any CPU.ActiveCfg = Release|Any CPU
		{A75C929C-EA9A-4658-89A4-F791316497BA}.Release|Any CPU.Build.0 = Release|Any CPU
	EndGlobalSection
	GlobalSection(SolutionProperties) = preSolution
		HideSolutionNode = FALSE
	EndGlobalSection
EndGlobal
